{
  "name": "live-message-relay",
  "version": "1.0.0",
  "lockfileVersion": 1,
  "requires": true,
  "dependencies": {
    "@grpc/grpc-js": {
      "version": "1.3.7",
      "resolved": "https://registry.nlark.com/@grpc/grpc-js/download/@grpc/grpc-js-1.3.7.tgz",
      "integrity": "sha1-WLaHr/k7dDqv3iN/0u6aMlnX8tg=",
      "requires": {
        "@types/node": ">=12.12.47"
      }
    },
    "@grpc/proto-loader": {
      "version": "0.5.6",
      "resolved": "https://registry.nlark.com/@grpc/proto-loader/download/@grpc/proto-loader-0.5.6.tgz",
      "integrity": "sha1-HepLimQSsF4tWFFNUHE3tjpSqY0=",
      "requires": {
        "lodash.camelcase": "^4.3.0",
        "protobufjs": "^6.8.6"
      }
    },
    "@protobufjs/aspromise": {
      "version": "1.1.2",
      "resolved": "https://registry.npm.taobao.org/@protobufjs/aspromise/download/@protobufjs/aspromise-1.1.2.tgz",
      "integrity": "sha1-m4sMxmPWaafY9vXQiToU00jzD78="
    },
    "@protobufjs/base64": {
      "version": "1.1.2",
      "resolved": "https://registry.npm.taobao.org/@protobufjs/base64/download/@protobufjs/base64-1.1.2.tgz",
      "integrity": "sha1-TIVzDlm5ofHzSQR9vyQpYDS7JzU="
    },
    "@protobufjs/codegen": {
      "version": "2.0.4",
      "resolved": "https://registry.npm.taobao.org/@protobufjs/codegen/download/@protobufjs/codegen-2.0.4.tgz",
      "integrity": "sha1-fvN/DQEPsCitGtWXIuUG2SYoFcs="
    },
    "@protobufjs/eventemitter": {
      "version": "1.1.0",
      "resolved": "https://registry.npm.taobao.org/@protobufjs/eventemitter/download/@protobufjs/eventemitter-1.1.0.tgz",
      "integrity": "sha1-NVy8mLr61ZePntCV85diHx0Ga3A="
    },
    "@protobufjs/fetch": {
      "version": "1.1.0",
      "resolved": "https://registry.npm.taobao.org/@protobufjs/fetch/download/@protobufjs/fetch-1.1.0.tgz",
      "integrity": "sha1-upn7WYYUr2VwDBYZ/wbUVLDYTEU=",
      "requires": {
        "@protobufjs/aspromise": "^1.1.1",
        "@protobufjs/inquire": "^1.1.0"
      }
    },
    "@protobufjs/float": {
      "version": "1.0.2",
      "resolved": "https://registry.npm.taobao.org/@protobufjs/float/download/@protobufjs/float-1.0.2.tgz",
      "integrity": "sha1-Xp4avctz/Ap8uLKR33jIy9l7h9E="
    },
    "@protobufjs/inquire": {
      "version": "1.1.0",
      "resolved": "https://registry.nlark.com/@protobufjs/inquire/download/@protobufjs/inquire-1.1.0.tgz",
      "integrity": "sha1-/yAOPnzyQp4tyvwRQIKOjMY48Ik="
    },
    "@protobufjs/path": {
      "version": "1.1.2",
      "resolved": "https://registry.npm.taobao.org/@protobufjs/path/download/@protobufjs/path-1.1.2.tgz",
      "integrity": "sha1-bMKyDFya1q0NzP0hynZz2Nf79o0="
    },
    "@protobufjs/pool": {
      "version": "1.1.0",
      "resolved": "https://registry.nlark.com/@protobufjs/pool/download/@protobufjs/pool-1.1.0.tgz",
      "integrity": "sha1-Cf0V8tbTq/qbZbw2ZQbWrXhG/1Q="
    },
    "@protobufjs/utf8": {
      "version": "1.1.0",
      "resolved": "https://registry.npm.taobao.org/@protobufjs/utf8/download/@protobufjs/utf8-1.1.0.tgz",
      "integrity": "sha1-p3c2C1s5oaLlEG+OhY8v0tBgxXA="
    },
    "@types/component-emitter": {
      "version": "1.2.10",
      "resolved": "https://registry.nlark.com/@types/component-emitter/download/@types/component-emitter-1.2.10.tgz?cache=0&sync_timestamp=1629707020635&other_urls=https%3A%2F%2Fregistry.nlark.com%2F%40types%2Fcomponent-emitter%2Fdownload%2F%40types%2Fcomponent-emitter-1.2.10.tgz",
      "integrity": "sha1-71sVibnxZURkLkc9tepWORB+8+o="
    },
    "@types/cookie": {
      "version": "0.4.1",
      "resolved": "https://registry.nlark.com/@types/cookie/download/@types/cookie-0.4.1.tgz?cache=0&sync_timestamp=1629707141196&other_urls=https%3A%2F%2Fregistry.nlark.com%2F%40types%2Fcookie%2Fdownload%2F%40types%2Fcookie-0.4.1.tgz",
      "integrity": "sha1-v9AsHyIkVnZ2wVRRmfh8OoYdh40="
    },
    "@types/cors": {
      "version": "2.8.12",
      "resolved": "https://registry.nlark.com/@types/cors/download/@types/cors-2.8.12.tgz?cache=0&sync_timestamp=1629707095676&other_urls=https%3A%2F%2Fregistry.nlark.com%2F%40types%2Fcors%2Fdownload%2F%40types%2Fcors-2.8.12.tgz",
      "integrity": "sha1-ayxRCnrXA56Y57jT1lmPQ1nlwIA="
    },
    "@types/long": {
      "version": "4.0.1",
      "resolved": "https://registry.nlark.com/@types/long/download/@types/long-4.0.1.tgz",
      "integrity": "sha1-RZxl+hhn2v5qjzIsTFFpVmPMVek="
    },
    "@types/node": {
      "version": "16.9.1",
      "resolved": "https://registry.nlark.com/@types/node/download/@types/node-16.9.1.tgz",
      "integrity": "sha1-BhGzfbQkbJN/7vUp3cwBjPjjVwg="
    },
    "accepts": {
      "version": "1.3.7",
      "resolved": "https://registry.npm.taobao.org/accepts/download/accepts-1.3.7.tgz",
      "integrity": "sha1-UxvHJlF6OytB+FACHGzBXqq1B80=",
      "requires": {
        "mime-types": "~2.1.24",
        "negotiator": "0.6.2"
      }
    },
    "backo2": {
      "version": "1.0.2",
      "resolved": "https://registry.nlark.com/backo2/download/backo2-1.0.2.tgz",
      "integrity": "sha1-MasayLEpNjRj41s+u2n038+6eUc="
    },
    "base64-arraybuffer": {
      "version": "0.1.4",
      "resolved": "https://registry.nlark.com/base64-arraybuffer/download/base64-arraybuffer-0.1.4.tgz?cache=0&sync_timestamp=1628588823959&other_urls=https%3A%2F%2Fregistry.nlark.com%2Fbase64-arraybuffer%2Fdownload%2Fbase64-arraybuffer-0.1.4.tgz",
      "integrity": "sha1-mBjHngWbE1X5fgQooBfIOOkLqBI="
    },
    "base64id": {
      "version": "2.0.0",
      "resolved": "https://registry.npm.taobao.org/base64id/download/base64id-2.0.0.tgz",
      "integrity": "sha1-J3Csa8R9MSr5eov5pjQ0LgzSXLY="
    },
    "bignumber.js": {
      "version": "9.0.1",
      "resolved": "https://registry.npm.taobao.org/bignumber.js/download/bignumber.js-9.0.1.tgz",
      "integrity": "sha1-jXuhJMiCv9jkMmDGdHVRjQaJ5OU="
    },
    "cockatiel": {
      "version": "1.1.1",
      "resolved": "https://registry.nlark.com/cockatiel/download/cockatiel-1.1.1.tgz",
      "integrity": "sha1-hR/O5n35qCTHlGywknyTUbVS0ms="
    },
    "component-emitter": {
      "version": "1.3.0",
      "resolved": "https://registry.nlark.com/component-emitter/download/component-emitter-1.3.0.tgz",
      "integrity": "sha1-FuQHD7qK4ptnnyIVhT7hgasuq8A="
    },
    "cookie": {
      "version": "0.4.1",
      "resolved": "https://registry.npm.taobao.org/cookie/download/cookie-0.4.1.tgz",
      "integrity": "sha1-r9cT/ibr0hupXOth+agRblClN9E="
    },
    "cors": {
      "version": "2.8.5",
      "resolved": "https://registry.npm.taobao.org/cors/download/cors-2.8.5.tgz",
      "integrity": "sha1-6sEdpRWS3Ya58G9uesKTs9+HXSk=",
      "requires": {
        "object-assign": "^4",
        "vary": "^1"
      }
    },
    "debug": {
      "version": "4.3.2",
      "resolved": "https://registry.nlark.com/debug/download/debug-4.3.2.tgz",
      "integrity": "sha1-8KScGKyHeeMdSgxgKd+3aHPHQos=",
      "requires": {
        "ms": "2.1.2"
      }
    },
    "engine.io": {
      "version": "5.2.0",
      "resolved": "https://registry.nlark.com/engine.io/download/engine.io-5.2.0.tgz?cache=0&sync_timestamp=1630218794455&other_urls=https%3A%2F%2Fregistry.nlark.com%2Fengine.io%2Fdownload%2Fengine.io-5.2.0.tgz",
      "integrity": "sha1-VUzdAjDYneexpJqAnX7loSnTaAk=",
      "requires": {
        "accepts": "~1.3.4",
        "base64id": "2.0.0",
        "cookie": "~0.4.1",
        "cors": "~2.8.5",
        "debug": "~4.3.1",
        "engine.io-parser": "~4.0.0",
        "ws": "~7.4.2"
      }
    },
    "engine.io-client": {
      "version": "5.2.0",
      "resolved": "https://registry.nlark.com/engine.io-client/download/engine.io-client-5.2.0.tgz",
      "integrity": "sha1-rjjHmkrxYljAMA5oGcDqjswVl80=",
      "requires": {
        "base64-arraybuffer": "0.1.4",
        "component-emitter": "~1.3.0",
        "debug": "~4.3.1",
        "engine.io-parser": "~4.0.1",
        "has-cors": "1.1.0",
        "parseqs": "0.0.6",
        "parseuri": "0.0.6",
        "ws": "~7.4.2",
        "xmlhttprequest-ssl": "~2.0.0",
        "yeast": "0.1.2"
      }
    },
    "engine.io-parser": {
      "version": "4.0.3",
      "resolved": "https://registry.nlark.com/engine.io-parser/download/engine.io-parser-4.0.3.tgz",
      "integrity": "sha1-g9Ohes/UIm8Z5yG7IqHuj3Zi0vY=",
      "requires": {
        "base64-arraybuffer": "0.1.4"
      }
    },
    "etcd3": {
      "version": "1.1.0",
      "resolved": "https://registry.npm.taobao.org/etcd3/download/etcd3-1.1.0.tgz",
      "integrity": "sha1-LvVW3R7X5uIhIMGXvf4c6nvMVcE=",
      "requires": {
        "@grpc/grpc-js": "^1.1.7",
        "@grpc/proto-loader": "^0.5.5",
        "bignumber.js": "^9.0.0",
        "cockatiel": "^1.1.1"
      }
    },
    "has-cors": {
      "version": "1.1.0",
      "resolved": "https://registry.npm.taobao.org/has-cors/download/has-cors-1.1.0.tgz",
      "integrity": "sha1-XkdHk/fqmEPRu5nCPu9J/xJv/zk="
    },
    "lodash.camelcase": {
      "version": "4.3.0",
      "resolved": "https://registry.npm.taobao.org/lodash.camelcase/download/lodash.camelcase-4.3.0.tgz",
      "integrity": "sha1-soqmKIorn8ZRA1x3EfZathkDMaY="
    },
    "long": {
      "version": "4.0.0",
      "resolved": "https://registry.npm.taobao.org/long/download/long-4.0.0.tgz",
      "integrity": "sha1-mntxz7fTYaGU6lVSQckvdGjVvyg="
    },
    "mime-db": {
      "version": "1.49.0",
      "resolved": "https://registry.nlark.com/mime-db/download/mime-db-1.49.0.tgz",
      "integrity": "sha1-89/eYMmenPO8lwHWh3ePU3ABy+0="
    },
    "mime-types": {
      "version": "2.1.32",
      "resolved": "https://registry.nlark.com/mime-types/download/mime-types-2.1.32.tgz?cache=0&sync_timestamp=1627407652875&other_urls=https%3A%2F%2Fregistry.nlark.com%2Fmime-types%2Fdownload%2Fmime-types-2.1.32.tgz",
      "integrity": "sha1-HQDonn3n/gIAjbYQAdngKFJnD9U=",
      "requires": {
        "mime-db": "1.49.0"
      }
    },
    "ms": {
      "version": "2.1.2",
      "resolved": "https://registry.nlark.com/ms/download/ms-2.1.2.tgz?cache=0&sync_timestamp=1629910562433&other_urls=https%3A%2F%2Fregistry.nlark.com%2Fms%2Fdownload%2Fms-2.1.2.tgz",
      "integrity": "sha1-0J0fNXtEP0kzgqjrPM0YOHKuYAk="
    },
    "nats": {
      "version": "2.2.0",
      "resolved": "https://registry.nlark.com/nats/download/nats-2.2.0.tgz",
      "integrity": "sha1-QcOl8NHH28MTdW+566q+fguuGaQ=",
      "requires": {
        "nkeys.js": "^1.0.0-9"
      }
    },
    "negotiator": {
      "version": "0.6.2",
      "resolved": "https://registry.npm.taobao.org/negotiator/download/negotiator-0.6.2.tgz",
      "integrity": "sha1-/qz3zPUlp3rpY0Q2pkiD/+yjRvs="
    },
    "nkeys.js": {
      "version": "1.0.0-9",
      "resolved": "https://registry.npm.taobao.org/nkeys.js/download/nkeys.js-1.0.0-9.tgz",
      "integrity": "sha1-yASssGGlxKYehmetvxW/0peCha0=",
      "requires": {
        "@types/node": "^14.0.26",
        "tweetnacl": "^1.0.3"
      },
      "dependencies": {
        "@types/node": {
          "version": "14.17.15",
          "resolved": "https://registry.nlark.com/@types/node/download/@types/node-14.17.15.tgz",
          "integrity": "sha1-1ev7YqaQdOu4XL4FKa2Re7jyuug="
        }
      }
    },
    "object-assign": {
      "version": "4.1.1",
      "resolved": "https://registry.nlark.com/object-assign/download/object-assign-4.1.1.tgz?cache=0&sync_timestamp=1618847043548&other_urls=https%3A%2F%2Fregistry.nlark.com%2Fobject-assign%2Fdownload%2Fobject-assign-4.1.1.tgz",
      "integrity": "sha1-IQmtx5ZYh8/AXLvUQsrIv7s2CGM="
    },
    "parseqs": {
      "version": "0.0.6",
      "resolved": "https://registry.npm.taobao.org/parseqs/download/parseqs-0.0.6.tgz",
      "integrity": "sha1-jku1oZ0c3IRKCKyXTTTic6+mcNU="
    },
    "parseuri": {
      "version": "0.0.6",
      "resolved": "https://registry.nlark.com/parseuri/download/parseuri-0.0.6.tgz",
      "integrity": "sha1-4Ulugp46wv9H85pN0ESzKCPEolo="
    },
    "protobufjs": {
      "version": "6.11.2",
      "resolved": "https://registry.nlark.com/protobufjs/download/protobufjs-6.11.2.tgz?cache=0&sync_timestamp=1619804443465&other_urls=https%3A%2F%2Fregistry.nlark.com%2Fprotobufjs%2Fdownload%2Fprotobufjs-6.11.2.tgz",
      "integrity": "sha1-3jn6vU7TK+qgjpux4w0IVEwe34s=",
      "requires": {
        "@protobufjs/aspromise": "^1.1.2",
        "@protobufjs/base64": "^1.1.2",
        "@protobufjs/codegen": "^2.0.4",
        "@protobufjs/eventemitter": "^1.1.0",
        "@protobufjs/fetch": "^1.1.0",
        "@protobufjs/float": "^1.0.2",
        "@protobufjs/inquire": "^1.1.0",
        "@protobufjs/path": "^1.1.2",
        "@protobufjs/pool": "^1.1.0",
        "@protobufjs/utf8": "^1.1.0",
        "@types/long": "^4.0.1",
        "@types/node": ">=13.7.0",
        "long": "^4.0.0"
      }
    },
    "socket.io": {
      "version": "4.2.0",
      "resolved": "https://registry.nlark.com/socket.io/download/socket.io-4.2.0.tgz?cache=0&sync_timestamp=1630308166129&other_urls=https%3A%2F%2Fregistry.nlark.com%2Fsocket.io%2Fdownload%2Fsocket.io-4.2.0.tgz",
      "integrity": "sha1-nhwJ0+pkfiSWOi57qOpchHd44u0=",
      "requires": {
        "@types/cookie": "^0.4.1",
        "@types/cors": "^2.8.12",
        "@types/node": ">=10.0.0",
        "accepts": "~1.3.4",
        "base64id": "~2.0.0",
        "debug": "~4.3.2",
        "engine.io": "~5.2.0",
        "socket.io-adapter": "~2.3.2",
        "socket.io-parser": "~4.0.4"
      }
    },
    "socket.io-adapter": {
      "version": "2.3.2",
      "resolved": "https://registry.nlark.com/socket.io-adapter/download/socket.io-adapter-2.3.2.tgz",
      "integrity": "sha1-A5zXxxpSq62YSm1X2iwLfs3Twok="
    },
    "socket.io-client": {
      "version": "4.2.0",
      "resolved": "https://registry.nlark.com/socket.io-client/download/socket.io-client-4.2.0.tgz?cache=0&sync_timestamp=1630307918801&other_urls=https%3A%2F%2Fregistry.nlark.com%2Fsocket.io-client%2Fdownload%2Fsocket.io-client-4.2.0.tgz",
      "integrity": "sha1-GV/u095AKDsa4/fQLPkdPrLJBcE=",
      "requires": {
        "@types/component-emitter": "^1.2.10",
        "backo2": "~1.0.2",
        "component-emitter": "~1.3.0",
        "debug": "~4.3.2",
        "engine.io-client": "~5.2.0",
        "parseuri": "0.0.6",
        "socket.io-parser": "~4.0.4"
      }
    },
    "socket.io-parser": {
      "version": "4.0.4",
      "resolved": "https://registry.npm.taobao.org/socket.io-parser/download/socket.io-parser-4.0.4.tgz",
      "integrity": "sha1-nqIbDWFQjRgZbvBKLGuatjD0wrA=",
      "requires": {
        "@types/component-emitter": "^1.2.10",
        "component-emitter": "~1.3.0",
        "debug": "~4.3.1"
      }
    },
    "tweetnacl": {
      "version": "1.0.3",
      "resolved": "https://registry.npm.taobao.org/tweetnacl/download/tweetnacl-1.0.3.tgz?cache=0&sync_timestamp=1589682745749&other_urls=https%3A%2F%2Fregistry.npm.taobao.org%2Ftweetnacl%2Fdownload%2Ftweetnacl-1.0.3.tgz",
      "integrity": "sha1-rAr3FoBFjYpjeNDQ0FCrFAfTVZY="
    },
    "typescript": {
      "version": "4.4.3",
      "resolved": "https://registry.nlark.com/typescript/download/typescript-4.4.3.tgz?cache=0&sync_timestamp=1631431210007&other_urls=https%3A%2F%2Fregistry.nlark.com%2Ftypescript%2Fdownload%2Ftypescript-4.4.3.tgz",
      "integrity": "sha1-vcVAfKorEJ79T4L+EwZW+XeikyQ=",
      "dev": true
    },
    "vary": {
      "version": "1.1.2",
      "resolved": "https://registry.nlark.com/vary/download/vary-1.1.2.tgz",
      "integrity": "sha1-IpnwLG3tMNSllhsLn3RSShj2NPw="
    },
    "ws": {
      "version": "7.4.6",
      "resolved": "https://registry.nlark.com/ws/download/ws-7.4.6.tgz?cache=0&sync_timestamp=1631130711705&other_urls=https%3A%2F%2Fregistry.nlark.com%2Fws%2Fdownload%2Fws-7.4.6.tgz",
      "integrity": "sha1-VlTKjs3u5HwzqaS/bSjivimAN3w="
    },
    "xmlhttprequest-ssl": {
      "version": "2.0.0",
      "resolved": "https://registry.nlark.com/xmlhttprequest-ssl/download/xmlhttprequest-ssl-2.0.0.tgz?cache=0&sync_timestamp=1623924549480&other_urls=https%3A%2F%2Fregistry.nlark.com%2Fxmlhttprequest-ssl%2Fdownload%2Fxmlhttprequest-ssl-2.0.0.tgz",
      "integrity": "sha1-kTYMhrkU5n9E3OdpGAAnwNphjGc="
    },
    "yeast": {
      "version": "0.1.2",
      "resolved": "https://registry.nlark.com/yeast/download/yeast-0.1.2.tgz",
      "integrity": "sha1-AI4G2AlDIMNy28L47XagymyKxBk="
    }
  }
}
